
Microsoft Visual Studio Solution File, Format Version 12.00
# Visual Studio Version 16
VisualStudioVersion = 16.0.30523.141
MinimumVisualStudioVersion = 10.0.40219.1
Project("{FAE04EC0-301F-11D3-BF4B-00C04F79EFBC}") = "Lab5_Demo", "Lab5_Demo\Lab5_Demo.csproj", "{F5F98F8B-891B-43ED-AE0C-C3C2F2F2E699}"
EndProject
Global
	GlobalSection(SolutionConfigurationPlatforms) = preSolution
		Debug|Any CPU = Debug|Any CPU
		Release|Any CPU = Release|Any CPU
	EndGlobalSection
	GlobalSection(ProjectConfigurationPlatforms) = postSolution
		{F5F98F8B-891B-43ED-AE0C-C3C2F2F2E699}.Debug|Any CPU.ActiveCfg = Debug|Any CPU
		{F5F98F8B-891B-43ED-AE0C-C3C2F2F2E699}.Debug|Any CPU.Build.0 = Debug|Any CPU
		{F5F98F8B-891B-43ED-AE0C-C3C2F2F2E699}.Release|Any CPU.ActiveCfg = Release|Any CPU
		{F5F98F8B-891B-43ED-AE0C-C3C2F2F2E699}.Release|Any CPU.Build.0 = Release|Any CPU
	EndGlobalSection
	GlobalSection(SolutionProperties) = preSolution
		HideSolutionNode = FALSE
	EndGlobalSection
	GlobalSection(ExtensibilityGlobals) = postSolution
		SolutionGuid = {1F37AF43-5F0F-44EB-9131-45E3D8409BD1}
	EndGlobalSection
EndGlobal
